
Microsoft Visual Studio Solution File, Format Version 12.00
# Visual Studio Version 16
VisualStudioVersion = 16.0.30517.126
MinimumVisualStudioVersion = 10.0.40219.1
Project("{FAE04EC0-301F-11D3-BF4B-00C04F79EFBC}") = "C9_Covariantreturn", "C9_Covariantreturn\C9_Covariantreturn.csproj", "{E3612D97-2B74-4743-B019-425DF0ADA679}"
EndProject
Global
	GlobalSection(SolutionConfigurationPlatforms) = preSolution
		Debug|Any CPU = Debug|Any CPU
		Release|Any CPU = Release|Any CPU
	EndGlobalSection
	GlobalSection(ProjectConfigurationPlatforms) = postSolution
		{E3612D97-2B74-4743-B019-425DF0ADA679}.Debug|Any CPU.ActiveCfg = Debug|Any CPU
		{E3612D97-2B74-4743-B019-425DF0ADA679}.Debug|Any CPU.Build.0 = Debug|Any CPU
		{E3612D97-2B74-4743-B019-425DF0ADA679}.Release|Any CPU.ActiveCfg = Release|Any CPU
		{E3612D97-2B74-4743-B019-425DF0ADA679}.Release|Any CPU.Build.0 = Release|Any CPU
	EndGlobalSection
	GlobalSection(SolutionProperties) = preSolution
		HideSolutionNode = FALSE
	EndGlobalSection
	GlobalSection(ExtensibilityGlobals) = postSolution
		SolutionGuid = {51FF00DB-AE48-4470-BBC7-8FE31B4792A4}
	EndGlobalSection
EndGlobal
