
Microsoft Visual Studio Solution File, Format Version 12.00
# Visual Studio Version 16
VisualStudioVersion = 16.0.30517.126
MinimumVisualStudioVersion = 10.0.40219.1
Project("{9A19103F-16F7-4668-BE54-9A1E7A4F7556}") = "C9_Record", "C9_Record\C9_Record.csproj", "{19DE52B2-62A8-471D-A7E0-50F0D0647510}"
EndProject
Global
	GlobalSection(SolutionConfigurationPlatforms) = preSolution
		Debug|Any CPU = Debug|Any CPU
		Debug|x86 = Debug|x86
		Release|Any CPU = Release|Any CPU
		Release|x86 = Release|x86
		x86|Any CPU = x86|Any CPU
		x86|x86 = x86|x86
	EndGlobalSection
	GlobalSection(ProjectConfigurationPlatforms) = postSolution
		{19DE52B2-62A8-471D-A7E0-50F0D0647510}.Debug|Any CPU.ActiveCfg = Release|Any CPU
		{19DE52B2-62A8-471D-A7E0-50F0D0647510}.Debug|Any CPU.Build.0 = Release|Any CPU
		{19DE52B2-62A8-471D-A7E0-50F0D0647510}.Debug|x86.ActiveCfg = Debug|Any CPU
		{19DE52B2-62A8-471D-A7E0-50F0D0647510}.Release|Any CPU.ActiveCfg = Release|Any CPU
		{19DE52B2-62A8-471D-A7E0-50F0D0647510}.Release|Any CPU.Build.0 = Release|Any CPU
		{19DE52B2-62A8-471D-A7E0-50F0D0647510}.Release|x86.ActiveCfg = Release|Any CPU
		{19DE52B2-62A8-471D-A7E0-50F0D0647510}.x86|Any CPU.ActiveCfg = Debug|Any CPU
		{19DE52B2-62A8-471D-A7E0-50F0D0647510}.x86|Any CPU.Build.0 = Debug|Any CPU
		{19DE52B2-62A8-471D-A7E0-50F0D0647510}.x86|x86.ActiveCfg = Release|Any CPU
	EndGlobalSection
	GlobalSection(SolutionProperties) = preSolution
		HideSolutionNode = FALSE
	EndGlobalSection
	GlobalSection(ExtensibilityGlobals) = postSolution
		SolutionGuid = {BC08032E-345B-4FB6-92A1-42F242C70AEC}
	EndGlobalSection
EndGlobal
