
Microsoft Visual Studio Solution File, Format Version 12.00
# Visual Studio Version 16
VisualStudioVersion = 16.0.30517.126
MinimumVisualStudioVersion = 10.0.40219.1
Project("{FAE04EC0-301F-11D3-BF4B-00C04F79EFBC}") = "C9_Record_PrintMembers", "C9_Record_PrintMembers\C9_Record_PrintMembers.csproj", "{3D0BD016-B1EF-4F4B-B279-08DA80991155}"
EndProject
Global
	GlobalSection(SolutionConfigurationPlatforms) = preSolution
		Debug|Any CPU = Debug|Any CPU
		Release|Any CPU = Release|Any CPU
	EndGlobalSection
	GlobalSection(ProjectConfigurationPlatforms) = postSolution
		{3D0BD016-B1EF-4F4B-B279-08DA80991155}.Debug|Any CPU.ActiveCfg = Debug|Any CPU
		{3D0BD016-B1EF-4F4B-B279-08DA80991155}.Debug|Any CPU.Build.0 = Debug|Any CPU
		{3D0BD016-B1EF-4F4B-B279-08DA80991155}.Release|Any CPU.ActiveCfg = Release|Any CPU
		{3D0BD016-B1EF-4F4B-B279-08DA80991155}.Release|Any CPU.Build.0 = Release|Any CPU
	EndGlobalSection
	GlobalSection(SolutionProperties) = preSolution
		HideSolutionNode = FALSE
	EndGlobalSection
	GlobalSection(ExtensibilityGlobals) = postSolution
		SolutionGuid = {746C6094-F910-47AC-9E4A-901C1F557478}
	EndGlobalSection
EndGlobal
