
Microsoft Visual Studio Solution File, Format Version 12.00
# Visual Studio Version 16
VisualStudioVersion = 16.0.30517.126
MinimumVisualStudioVersion = 10.0.40219.1
Project("{FAE04EC0-301F-11D3-BF4B-00C04F79EFBC}") = "C9_Record_Deconstruct", "C9_Record_Deconstruct\C9_Record_Deconstruct.csproj", "{18E64752-C93E-44CC-BEE2-1817E9D5D115}"
EndProject
Global
	GlobalSection(SolutionConfigurationPlatforms) = preSolution
		Debug|Any CPU = Debug|Any CPU
		Release|Any CPU = Release|Any CPU
	EndGlobalSection
	GlobalSection(ProjectConfigurationPlatforms) = postSolution
		{18E64752-C93E-44CC-BEE2-1817E9D5D115}.Debug|Any CPU.ActiveCfg = Debug|Any CPU
		{18E64752-C93E-44CC-BEE2-1817E9D5D115}.Debug|Any CPU.Build.0 = Debug|Any CPU
		{18E64752-C93E-44CC-BEE2-1817E9D5D115}.Release|Any CPU.ActiveCfg = Release|Any CPU
		{18E64752-C93E-44CC-BEE2-1817E9D5D115}.Release|Any CPU.Build.0 = Release|Any CPU
	EndGlobalSection
	GlobalSection(SolutionProperties) = preSolution
		HideSolutionNode = FALSE
	EndGlobalSection
	GlobalSection(ExtensibilityGlobals) = postSolution
		SolutionGuid = {E538ED04-C759-4B19-BF54-AD0D7A97F5FD}
	EndGlobalSection
EndGlobal
