
Microsoft Visual Studio Solution File, Format Version 12.00
# Visual Studio Version 16
VisualStudioVersion = 16.0.30225.117
MinimumVisualStudioVersion = 10.0.40219.1
Project("{FAE04EC0-301F-11D3-BF4B-00C04F79EFBC}") = "C8_Using", "C8_Using\C8_Using.csproj", "{35C5D92F-0484-4611-9578-F8486DFF7F52}"
EndProject
Global
	GlobalSection(SolutionConfigurationPlatforms) = preSolution
		Debug|Any CPU = Debug|Any CPU
		Release|Any CPU = Release|Any CPU
	EndGlobalSection
	GlobalSection(ProjectConfigurationPlatforms) = postSolution
		{35C5D92F-0484-4611-9578-F8486DFF7F52}.Debug|Any CPU.ActiveCfg = Debug|Any CPU
		{35C5D92F-0484-4611-9578-F8486DFF7F52}.Debug|Any CPU.Build.0 = Debug|Any CPU
		{35C5D92F-0484-4611-9578-F8486DFF7F52}.Release|Any CPU.ActiveCfg = Release|Any CPU
		{35C5D92F-0484-4611-9578-F8486DFF7F52}.Release|Any CPU.Build.0 = Release|Any CPU
	EndGlobalSection
	GlobalSection(SolutionProperties) = preSolution
		HideSolutionNode = FALSE
	EndGlobalSection
	GlobalSection(ExtensibilityGlobals) = postSolution
		SolutionGuid = {DB5ACC5B-AEF0-4417-9E2A-8F0A8C6F80D6}
	EndGlobalSection
EndGlobal
