
Microsoft Visual Studio Solution File, Format Version 12.00
# Visual Studio Version 16
VisualStudioVersion = 16.0.30517.126
MinimumVisualStudioVersion = 10.0.40219.1
Project("{FAE04EC0-301F-11D3-BF4B-00C04F79EFBC}") = "C9_Record_With", "C9_Record_With\C9_Record_With.csproj", "{3CEF1742-953C-4889-8BC0-2778A605D732}"
EndProject
Global
	GlobalSection(SolutionConfigurationPlatforms) = preSolution
		Debug|Any CPU = Debug|Any CPU
		Release|Any CPU = Release|Any CPU
	EndGlobalSection
	GlobalSection(ProjectConfigurationPlatforms) = postSolution
		{3CEF1742-953C-4889-8BC0-2778A605D732}.Debug|Any CPU.ActiveCfg = Debug|Any CPU
		{3CEF1742-953C-4889-8BC0-2778A605D732}.Debug|Any CPU.Build.0 = Debug|Any CPU
		{3CEF1742-953C-4889-8BC0-2778A605D732}.Release|Any CPU.ActiveCfg = Release|Any CPU
		{3CEF1742-953C-4889-8BC0-2778A605D732}.Release|Any CPU.Build.0 = Release|Any CPU
	EndGlobalSection
	GlobalSection(SolutionProperties) = preSolution
		HideSolutionNode = FALSE
	EndGlobalSection
	GlobalSection(ExtensibilityGlobals) = postSolution
		SolutionGuid = {4BFA5306-8175-41FB-A752-8788610F6A3E}
	EndGlobalSection
EndGlobal
