
Microsoft Visual Studio Solution File, Format Version 12.00
# Visual Studio Version 16
VisualStudioVersion = 16.0.30517.126
MinimumVisualStudioVersion = 10.0.40219.1
Project("{FAE04EC0-301F-11D3-BF4B-00C04F79EFBC}") = "C9_Record_Settersinit", "C9_Record_Settersinit\C9_Record_Settersinit.csproj", "{0F8D520F-D5F7-49F6-A5EA-04480E32C237}"
EndProject
Global
	GlobalSection(SolutionConfigurationPlatforms) = preSolution
		Debug|Any CPU = Debug|Any CPU
		Release|Any CPU = Release|Any CPU
	EndGlobalSection
	GlobalSection(ProjectConfigurationPlatforms) = postSolution
		{0F8D520F-D5F7-49F6-A5EA-04480E32C237}.Debug|Any CPU.ActiveCfg = Debug|Any CPU
		{0F8D520F-D5F7-49F6-A5EA-04480E32C237}.Debug|Any CPU.Build.0 = Debug|Any CPU
		{0F8D520F-D5F7-49F6-A5EA-04480E32C237}.Release|Any CPU.ActiveCfg = Release|Any CPU
		{0F8D520F-D5F7-49F6-A5EA-04480E32C237}.Release|Any CPU.Build.0 = Release|Any CPU
	EndGlobalSection
	GlobalSection(SolutionProperties) = preSolution
		HideSolutionNode = FALSE
	EndGlobalSection
	GlobalSection(ExtensibilityGlobals) = postSolution
		SolutionGuid = {AAA972CB-8831-42FE-A626-FA4A965567D6}
	EndGlobalSection
EndGlobal
