
Microsoft Visual Studio Solution File, Format Version 12.00
# Visual Studio Version 16
VisualStudioVersion = 16.0.30011.22
MinimumVisualStudioVersion = 10.0.40219.1
Project("{FAE04EC0-301F-11D3-BF4B-00C04F79EFBC}") = "C8_FuncaoLocalEstatica", "C8_FuncaoLocalEstatica\C8_FuncaoLocalEstatica.csproj", "{29436F0B-6044-42C8-BA3C-4C0A7D0C18F3}"
EndProject
Global
	GlobalSection(SolutionConfigurationPlatforms) = preSolution
		Debug|Any CPU = Debug|Any CPU
		Release|Any CPU = Release|Any CPU
	EndGlobalSection
	GlobalSection(ProjectConfigurationPlatforms) = postSolution
		{29436F0B-6044-42C8-BA3C-4C0A7D0C18F3}.Debug|Any CPU.ActiveCfg = Debug|Any CPU
		{29436F0B-6044-42C8-BA3C-4C0A7D0C18F3}.Debug|Any CPU.Build.0 = Debug|Any CPU
		{29436F0B-6044-42C8-BA3C-4C0A7D0C18F3}.Release|Any CPU.ActiveCfg = Release|Any CPU
		{29436F0B-6044-42C8-BA3C-4C0A7D0C18F3}.Release|Any CPU.Build.0 = Release|Any CPU
	EndGlobalSection
	GlobalSection(SolutionProperties) = preSolution
		HideSolutionNode = FALSE
	EndGlobalSection
	GlobalSection(ExtensibilityGlobals) = postSolution
		SolutionGuid = {7F02807B-4BED-46F9-B1D7-746A7FE154F6}
	EndGlobalSection
EndGlobal
