
Microsoft Visual Studio Solution File, Format Version 12.00
# Visual Studio Version 16
VisualStudioVersion = 16.0.30517.126
MinimumVisualStudioVersion = 10.0.40219.1
Project("{FAE04EC0-301F-11D3-BF4B-00C04F79EFBC}") = "C9_SkipLocals", "C9_SkipLocals\C9_SkipLocals.csproj", "{8C7FA226-B978-49CE-934C-93C939D71425}"
EndProject
Global
	GlobalSection(SolutionConfigurationPlatforms) = preSolution
		Debug|Any CPU = Debug|Any CPU
		Release|Any CPU = Release|Any CPU
	EndGlobalSection
	GlobalSection(ProjectConfigurationPlatforms) = postSolution
		{8C7FA226-B978-49CE-934C-93C939D71425}.Debug|Any CPU.ActiveCfg = Debug|Any CPU
		{8C7FA226-B978-49CE-934C-93C939D71425}.Debug|Any CPU.Build.0 = Debug|Any CPU
		{8C7FA226-B978-49CE-934C-93C939D71425}.Release|Any CPU.ActiveCfg = Release|Any CPU
		{8C7FA226-B978-49CE-934C-93C939D71425}.Release|Any CPU.Build.0 = Release|Any CPU
	EndGlobalSection
	GlobalSection(SolutionProperties) = preSolution
		HideSolutionNode = FALSE
	EndGlobalSection
	GlobalSection(ExtensibilityGlobals) = postSolution
		SolutionGuid = {56D97744-97C9-425C-98B4-4D44C1A2BA17}
	EndGlobalSection
EndGlobal
