
Microsoft Visual Studio Solution File, Format Version 12.00
# Visual Studio Version 16
VisualStudioVersion = 16.0.30517.126
MinimumVisualStudioVersion = 10.0.40219.1
Project("{FAE04EC0-301F-11D3-BF4B-00C04F79EFBC}") = "C9_Record_Equals", "C9_Record_Equals\C9_Record_Equals.csproj", "{CAFF82F0-8448-4759-991F-0D4CAD18918C}"
EndProject
Global
	GlobalSection(SolutionConfigurationPlatforms) = preSolution
		Debug|Any CPU = Debug|Any CPU
		Release|Any CPU = Release|Any CPU
	EndGlobalSection
	GlobalSection(ProjectConfigurationPlatforms) = postSolution
		{CAFF82F0-8448-4759-991F-0D4CAD18918C}.Debug|Any CPU.ActiveCfg = Debug|Any CPU
		{CAFF82F0-8448-4759-991F-0D4CAD18918C}.Debug|Any CPU.Build.0 = Debug|Any CPU
		{CAFF82F0-8448-4759-991F-0D4CAD18918C}.Release|Any CPU.ActiveCfg = Release|Any CPU
		{CAFF82F0-8448-4759-991F-0D4CAD18918C}.Release|Any CPU.Build.0 = Release|Any CPU
	EndGlobalSection
	GlobalSection(SolutionProperties) = preSolution
		HideSolutionNode = FALSE
	EndGlobalSection
	GlobalSection(ExtensibilityGlobals) = postSolution
		SolutionGuid = {45324457-3EF4-495C-80F0-2822BB5B993A}
	EndGlobalSection
EndGlobal
