
Microsoft Visual Studio Solution File, Format Version 12.00
# Visual Studio Version 16
VisualStudioVersion = 16.0.30517.126
MinimumVisualStudioVersion = 10.0.40219.1
Project("{FAE04EC0-301F-11D3-BF4B-00C04F79EFBC}") = "C9_FunctionPointers", "C9_FunctionPointers\C9_FunctionPointers.csproj", "{4141253F-46D5-45BE-9CE1-762A16B315A0}"
EndProject
Project("{FAE04EC0-301F-11D3-BF4B-00C04F79EFBC}") = "NativeLib", "NativeLib\NativeLib.csproj", "{FA4F6709-70AB-40E8-BC4E-63A843814A94}"
EndProject
Global
	GlobalSection(SolutionConfigurationPlatforms) = preSolution
		Debug|Any CPU = Debug|Any CPU
		Release|Any CPU = Release|Any CPU
	EndGlobalSection
	GlobalSection(ProjectConfigurationPlatforms) = postSolution
		{4141253F-46D5-45BE-9CE1-762A16B315A0}.Debug|Any CPU.ActiveCfg = Debug|Any CPU
		{4141253F-46D5-45BE-9CE1-762A16B315A0}.Debug|Any CPU.Build.0 = Debug|Any CPU
		{4141253F-46D5-45BE-9CE1-762A16B315A0}.Release|Any CPU.ActiveCfg = Release|Any CPU
		{4141253F-46D5-45BE-9CE1-762A16B315A0}.Release|Any CPU.Build.0 = Release|Any CPU
		{FA4F6709-70AB-40E8-BC4E-63A843814A94}.Debug|Any CPU.ActiveCfg = Debug|Any CPU
		{FA4F6709-70AB-40E8-BC4E-63A843814A94}.Debug|Any CPU.Build.0 = Debug|Any CPU
		{FA4F6709-70AB-40E8-BC4E-63A843814A94}.Release|Any CPU.ActiveCfg = Release|Any CPU
		{FA4F6709-70AB-40E8-BC4E-63A843814A94}.Release|Any CPU.Build.0 = Release|Any CPU
	EndGlobalSection
	GlobalSection(SolutionProperties) = preSolution
		HideSolutionNode = FALSE
	EndGlobalSection
	GlobalSection(ExtensibilityGlobals) = postSolution
		SolutionGuid = {FB002608-5807-435B-84B8-401CBF28EA70}
	EndGlobalSection
EndGlobal
