
Microsoft Visual Studio Solution File, Format Version 12.00
# Visual Studio Version 16
VisualStudioVersion = 16.0.30517.126
MinimumVisualStudioVersion = 10.0.40219.1
Project("{FAE04EC0-301F-11D3-BF4B-00C04F79EFBC}") = "C9_PartialMethods", "C9_PartialMethods\C9_PartialMethods.csproj", "{9C470D56-0DE8-420F-BF6F-AACCFA2C5829}"
EndProject
Global
	GlobalSection(SolutionConfigurationPlatforms) = preSolution
		Debug|Any CPU = Debug|Any CPU
		Release|Any CPU = Release|Any CPU
	EndGlobalSection
	GlobalSection(ProjectConfigurationPlatforms) = postSolution
		{9C470D56-0DE8-420F-BF6F-AACCFA2C5829}.Debug|Any CPU.ActiveCfg = Debug|Any CPU
		{9C470D56-0DE8-420F-BF6F-AACCFA2C5829}.Debug|Any CPU.Build.0 = Debug|Any CPU
		{9C470D56-0DE8-420F-BF6F-AACCFA2C5829}.Release|Any CPU.ActiveCfg = Release|Any CPU
		{9C470D56-0DE8-420F-BF6F-AACCFA2C5829}.Release|Any CPU.Build.0 = Release|Any CPU
	EndGlobalSection
	GlobalSection(SolutionProperties) = preSolution
		HideSolutionNode = FALSE
	EndGlobalSection
	GlobalSection(ExtensibilityGlobals) = postSolution
		SolutionGuid = {01185AE7-324F-40BF-AB7F-0F4855CBCF0B}
	EndGlobalSection
EndGlobal
