
Microsoft Visual Studio Solution File, Format Version 12.00
# Visual Studio Version 16
VisualStudioVersion = 16.0.30011.22
MinimumVisualStudioVersion = 10.0.40219.1
Project("{FAE04EC0-301F-11D3-BF4B-00C04F79EFBC}") = "compiler", "compiler\compiler.csproj", "{89326334-7748-4B2B-9213-18CE78164851}"
EndProject
Global
	GlobalSection(SolutionConfigurationPlatforms) = preSolution
		Debug|Any CPU = Debug|Any CPU
		Release|Any CPU = Release|Any CPU
	EndGlobalSection
	GlobalSection(ProjectConfigurationPlatforms) = postSolution
		{89326334-7748-4B2B-9213-18CE78164851}.Debug|Any CPU.ActiveCfg = Debug|Any CPU
		{89326334-7748-4B2B-9213-18CE78164851}.Debug|Any CPU.Build.0 = Debug|Any CPU
		{89326334-7748-4B2B-9213-18CE78164851}.Release|Any CPU.ActiveCfg = Release|Any CPU
		{89326334-7748-4B2B-9213-18CE78164851}.Release|Any CPU.Build.0 = Release|Any CPU
	EndGlobalSection
	GlobalSection(SolutionProperties) = preSolution
		HideSolutionNode = FALSE
	EndGlobalSection
	GlobalSection(ExtensibilityGlobals) = postSolution
		SolutionGuid = {F7F34C62-BE65-49CE-95DB-B762855FF1E0}
	EndGlobalSection
EndGlobal
